
Microsoft Visual Studio Solution File, Format Version 12.00
# Visual Studio Version 16
VisualStudioVersion = 16.0.30804.86
MinimumVisualStudioVersion = 10.0.40219.1
Project("{9A19103F-16F7-4668-BE54-9A1E7A4F7556}") = "PathCheck", "PathCheck\PathCheck.csproj", "{BDF6FC04-14EB-43C3-81F1-86EB2BC07858}"
EndProject
Project("{54435603-DBB4-11D2-8724-00A0C9A8B90C}") = "PathCheck_Setup", "PathCheck_Setup\PathCheck_Setup.vdproj", "{5B3DBCB4-8504-477B-A6B7-672CAD0E3E46}"
EndProject
Global
	GlobalSection(SolutionConfigurationPlatforms) = preSolution
		Debug|Any CPU = Debug|Any CPU
		Release|Any CPU = Release|Any CPU
	EndGlobalSection
	GlobalSection(ProjectConfigurationPlatforms) = postSolution
		{BDF6FC04-14EB-43C3-81F1-86EB2BC07858}.Debug|Any CPU.ActiveCfg = Debug|Any CPU
		{BDF6FC04-14EB-43C3-81F1-86EB2BC07858}.Debug|Any CPU.Build.0 = Debug|Any CPU
		{BDF6FC04-14EB-43C3-81F1-86EB2BC07858}.Release|Any CPU.ActiveCfg = Release|Any CPU
		{BDF6FC04-14EB-43C3-81F1-86EB2BC07858}.Release|Any CPU.Build.0 = Release|Any CPU
		{5B3DBCB4-8504-477B-A6B7-672CAD0E3E46}.Debug|Any CPU.ActiveCfg = Debug
		{5B3DBCB4-8504-477B-A6B7-672CAD0E3E46}.Release|Any CPU.ActiveCfg = Release
	EndGlobalSection
	GlobalSection(SolutionProperties) = preSolution
		HideSolutionNode = FALSE
	EndGlobalSection
	GlobalSection(ExtensibilityGlobals) = postSolution
		SolutionGuid = {B9C4958A-E5D1-445F-A162-AA1EA413D9EF}
	EndGlobalSection
EndGlobal
